// !$*UTF8*$!
{
	archiveVersion = 1;
	classes = {
	};
	objectVersion = 50;
	objects = {

/* Begin PBXBuildFile section */
		BA6332FD250DCC2D006E2962 /* AppDelegate.swift in Sources */ = {isa = PBXBuildFile; fileRef = BA6332FC250DCC2D006E2962 /* AppDelegate.swift */; };
		BA6332FF250DCC2D006E2962 /* SceneDelegate.swift in Sources */ = {isa = PBXBuildFile; fileRef = BA6332FE250DCC2D006E2962 /* SceneDelegate.swift */; };
		BA633301250DCC2D006E2962 /* ViewController.swift in Sources */ = {isa = PBXBuildFile; fileRef = BA633300250DCC2D006E2962 /* ViewController.swift */; };
		BA633304250DCC2D006E2962 /* Main.storyboard in Resources */ = {isa = PBXBuildFile; fileRef = BA633302250DCC2D006E2962 /* Main.storyboard */; };
		BA633306250DCC2E006E2962 /* Assets.xcassets in Resources */ = {isa = PBXBuildFile; fileRef = BA633305250DCC2E006E2962 /* Assets.xcassets */; };
		BA633309250DCC2E006E2962 /* LaunchScreen.storyboard in Resources */ = {isa = PBXBuildFile; fileRef = BA633307250DCC2E006E2962 /* LaunchScreen.storyboard */; };
		BA633314250DCC2F006E2962 /* tipTests.swift in Sources */ = {isa = PBXBuildFile; fileRef = BA633313250DCC2F006E2962 /* tipTests.swift */; };
		BA63331F250DCC2F006E2962 /* tipUITests.swift in Sources */ = {isa = PBXBuildFile; fileRef = BA63331E250DCC2F006E2962 /* tipUITests.swift */; };
/* End PBXBuildFile section */

/* Begin PBXContainerItemProxy section */
		BA633310250DCC2F006E2962 /* PBXContainerItemProxy */ = {
			isa = PBXContainerItemProxy;
			containerPortal = BA6332F1250DCC2D006E2962 /* Project object */;
			proxyType = 1;
			remoteGlobalIDString = BA6332F8250DCC2D006E2962;
			remoteInfo = tip;
		};
		BA63331B250DCC2F006E2962 /* PBXContainerItemProxy */ = {
			isa = PBXContainerItemProxy;
			containerPortal = BA6332F1250DCC2D006E2962 /* Project object */;
			proxyType = 1;
			remoteGlobalIDString = BA6332F8250DCC2D006E2962;
			remoteInfo = tip;
		};
/* End PBXContainerItemProxy section */

/* Begin PBXFileReference section */
		BA6332F9250DCC2D006E2962 /* tip.app */ = {isa = PBXFileReference; explicitFileType = wrapper.application; includeInIndex = 0; path = tip.app; sourceTree = BUILT_PRODUCTS_DIR; };
		BA6332FC250DCC2D006E2962 /* AppDelegate.swift */ = {isa = PBXFileReference; lastKnownFileType = sourcecode.swift; path = AppDelegate.swift; sourceTree = "<group>"; };
		BA6332FE250DCC2D006E2962 /* SceneDelegate.swift */ = {isa = PBXFileReference; lastKnownFileType = sourcecode.swift; path = SceneDelegate.swift; sourceTree = "<group>"; };
		BA633300250DCC2D006E2962 /* ViewController.swift */ = {isa = PBXFileReference; lastKnownFileType = sourcecode.swift; path = ViewController.swift; sourceTree = "<group>"; };
		BA633303250DCC2D006E2962 /* Base */ = {isa = PBXFileReference; lastKnownFileType = file.storyboard; name = Base; path = Base.lproj/Main.storyboard; sourceTree = "<group>"; };
		BA633305250DCC2E006E2962 /* Assets.xcassets */ = {isa = PBXFileReference; lastKnownFileType = folder.assetcatalog; path = Assets.xcassets; sourceTree = "<group>"; };
		BA633308250DCC2E006E2962 /* Base */ = {isa = PBXFileReference; lastKnownFileType = file.storyboard; name = Base; path = Base.lproj/LaunchScreen.storyboard; sourceTree = "<group>"; };
		BA63330A250DCC2E006E2962 /* Info.plist */ = {isa = PBXFileReference; lastKnownFileType = text.plist.xml; path = Info.plist; sourceTree = "<group>"; };
		BA63330F250DCC2F006E2962 /* tipTests.xctest */ = {isa = PBXFileReference; explicitFileType = wrapper.cfbundle; includeInIndex = 0; path = tipTests.xctest; sourceTree = BUILT_PRODUCTS_DIR; };
		BA633313250DCC2F006E2962 /* tipTests.swift */ = {isa = PBXFileReference; lastKnownFileType = sourcecode.swift; path = tipTests.swift; sourceTree = "<group>"; };
		BA633315250DCC2F006E2962 /* Info.plist */ = {isa = PBXFileReference; lastKnownFileType = text.plist.xml; path = Info.plist; sourceTree = "<group>"; };
		BA63331A250DCC2F006E2962 /* tipUITests.xctest */ = {isa = PBXFileReference; explicitFileType = wrapper.cfbundle; includeInIndex = 0; path = tipUITests.xctest; sourceTree = BUILT_PRODUCTS_DIR; };
		BA63331E250DCC2F006E2962 /* tipUITests.swift */ = {isa = PBXFileReference; lastKnownFileType = sourcecode.swift; path = tipUITests.swift; sourceTree = "<group>"; };
		BA633320250DCC2F006E2962 /* Info.plist */ = {isa = PBXFileReference; lastKnownFileType = text.plist.xml; path = Info.plist; sourceTree = "<group>"; };
/* End PBXFileReference section */

/* Begin PBXFrameworksBuildPhase section */
		BA6332F6250DCC2D006E2962 /* Frameworks */ = {
			isa = PBXFrameworksBuildPhase;
			buildActionMask = 2147483647;
			files = (
			);
			runOnlyForDeploymentPostprocessing = 0;
		};
		BA63330C250DCC2F006E2962 /* Frameworks */ = {
			isa = PBXFrameworksBuildPhase;
			buildActionMask = 2147483647;
			files = (
			);
			runOnlyForDeploymentPostprocessing = 0;
		};
		BA633317250DCC2F006E2962 /* Frameworks */ = {
			isa = PBXFrameworksBuildPhase;
			buildActionMask = 2147483647;
			files = (
			);
			runOnlyForDeploymentPostprocessing = 0;
		};
/* End PBXFrameworksBuildPhase section */

/* Begin PBXGroup section */
		BA6332F0250DCC2D006E2962 = {
			isa = PBXGroup;
			children = (
				BA6332FB250DCC2D006E2962 /* tip */,
				BA633312250DCC2F006E2962 /* tipTests */,
				BA63331D250DCC2F006E2962 /* tipUITests */,
				BA6332FA250DCC2D006E2962 /* Products */,
			);
			sourceTree = "<group>";
		};
		BA6332FA250DCC2D006E2962 /* Products */ = {
			isa = PBXGroup;
			children = (
				BA6332F9250DCC2D006E2962 /* tip.app */,
				BA63330F250DCC2F006E2962 /* tipTests.xctest */,
				BA63331A250DCC2F006E2962 /* tipUITests.xctest */,
			);
			name = Products;
			sourceTree = "<group>";
		};
		BA6332FB250DCC2D006E2962 /* tip */ = {
			isa = PBXGroup;
			children = (
				BA6332FC250DCC2D006E2962 /* AppDelegate.swift */,
				BA6332FE250DCC2D006E2962 /* SceneDelegate.swift */,
				BA633300250DCC2D006E2962 /* ViewController.swift */,
				BA633302250DCC2D006E2962 /* Main.storyboard */,
				BA633305250DCC2E006E2962 /* Assets.xcassets */,
				BA633307250DCC2E006E2962 /* LaunchScreen.storyboard */,
				BA63330A250DCC2E006E2962 /* Info.plist */,
			);
			path = tip;
			sourceTree = "<group>";
		};
		BA633312250DCC2F006E2962 /* tipTests */ = {
			isa = PBXGroup;
			children = (
				BA633313250DCC2F006E2962 /* tipTests.swift */,
				BA633315250DCC2F006E2962 /* Info.plist */,
			);
			path = tipTests;
			sourceTree = "<group>";
		};
		BA63331D250DCC2F006E2962 /* tipUITests */ = {
			isa = PBXGroup;
			children = (
				BA63331E250DCC2F006E2962 /* tipUITests.swift */,
				BA633320250DCC2F006E2962 /* Info.plist */,
			);
			path = tipUITests;
			sourceTree = "<group>";
		};
/* End PBXGroup section */

/* Begin PBXNativeTarget section */
		BA6332F8250DCC2D006E2962 /* tip */ = {
			isa = PBXNativeTarget;
			buildConfigurationList = BA633323250DCC2F006E2962 /* Build configuration list for PBXNativeTarget "tip" */;
			buildPhases = (
				BA6332F5250DCC2D006E2962 /* Sources */,
				BA6332F6250DCC2D006E2962 /* Frameworks */,
				BA6332F7250DCC2D006E2962 /* Resources */,
			);
			buildRules = (
			);
			dependencies = (
			);
			name = tip;
			productName = tip;
			productReference = BA6332F9250DCC2D006E2962 /* tip.app */;
			productType = "com.apple.product-type.application";
		};
		BA63330E250DCC2F006E2962 /* tipTests */ = {
			isa = PBXNativeTarget;
			buildConfigurationList = BA633326250DCC2F006E2962 /* Build configuration list for PBXNativeTarget "tipTests" */;
			buildPhases = (
				BA63330B250DCC2F006E2962 /* Sources */,
				BA63330C250DCC2F006E2962 /* Frameworks */,
				BA63330D250DCC2F006E2962 /* Resources */,
			);
			buildRules = (
			);
			dependencies = (
				BA633311250DCC2F006E2962 /* PBXTargetDependency */,
			);
			name = tipTests;
			productName = tipTests;
			productReference = BA63330F250DCC2F006E2962 /* tipTests.xctest */;
			productType = "com.apple.product-type.bundle.unit-test";
		};
		BA633319250DCC2F006E2962 /* tipUITests */ = {
			isa = PBXNativeTarget;
			buildConfigurationList = BA633329250DCC2F006E2962 /* Build configuration list for PBXNativeTarget "tipUITests" */;
			buildPhases = (
				BA633316250DCC2F006E2962 /* Sources */,
				BA633317250DCC2F006E2962 /* Frameworks */,
				BA633318250DCC2F006E2962 /* Resources */,
			);
			buildRules = (
			);
			dependencies = (
				BA63331C250DCC2F006E2962 /* PBXTargetDependency */,
			);
			name = tipUITests;
			productName = tipUITests;
			productReference = BA63331A250DCC2F006E2962 /* tipUITests.xctest */;
			productType = "com.apple.product-type.bundle.ui-testing";
		};
/* End PBXNativeTarget section */

/* Begin PBXProject section */
		BA6332F1250DCC2D006E2962 /* Project object */ = {
			isa = PBXProject;
			attributes = {
				LastSwiftUpdateCheck = 1170;
				LastUpgradeCheck = 1170;
				ORGANIZATIONNAME = Codepath;
				TargetAttributes = {
					BA6332F8250DCC2D006E2962 = {
						CreatedOnToolsVersion = 11.7;
					};
					BA63330E250DCC2F006E2962 = {
						CreatedOnToolsVersion = 11.7;
						TestTargetID = BA6332F8250DCC2D006E2962;
					};
					BA633319250DCC2F006E2962 = {
						CreatedOnToolsVersion = 11.7;
						TestTargetID = BA6332F8250DCC2D006E2962;
					};
				};
			};
			buildConfigurationList = BA6332F4250DCC2D006E2962 /* Build configuration list for PBXProject "tip" */;
			compatibilityVersion = "Xcode 9.3";
			developmentRegion = en;
			hasScannedForEncodings = 0;
			knownRegions = (
				en,
				Base,
			);
			mainGroup = BA6332F0250DCC2D006E2962;
			productRefGroup = BA6332FA250DCC2D006E2962 /* Products */;
			projectDirPath = "";
			projectRoot = "";
			targets = (
				BA6332F8250DCC2D006E2962 /* tip */,
				BA63330E250DCC2F006E2962 /* tipTests */,
				BA633319250DCC2F006E2962 /* tipUITests */,
			);
		};
/* End PBXProject section */

/* Begin PBXResourcesBuildPhase section */
		BA6332F7250DCC2D006E2962 /* Resources */ = {
			isa = PBXResourcesBuildPhase;
			buildActionMask = 2147483647;
			files = (
				BA633309250DCC2E006E2962 /* LaunchScreen.storyboard in Resources */,
				BA633306250DCC2E006E2962 /* Assets.xcassets in Resources */,
				BA633304250DCC2D006E2962 /* Main.storyboard in Resources */,
			);
			runOnlyForDeploymentPostprocessing = 0;
		};
		BA63330D250DCC2F006E2962 /* Resources */ = {
			isa = PBXResourcesBuildPhase;
			buildActionMask = 2147483647;
			files = (
			);
			runOnlyForDeploymentPostprocessing = 0;
		};
		BA633318250DCC2F006E2962 /* Resources */ = {
			isa = PBXResourcesBuildPhase;
			buildActionMask = 2147483647;
			files = (
			);
			runOnlyForDeploymentPostprocessing = 0;
		};
/* End PBXResourcesBuildPhase section */

/* Begin PBXSourcesBuildPhase section */
		BA6332F5250DCC2D006E2962 /* Sources */ = {
			isa = PBXSourcesBuildPhase;
			buildActionMask = 2147483647;
			files = (
				BA633301250DCC2D006E2962 /* ViewController.swift in Sources */,
				BA6332FD250DCC2D006E2962 /* AppDelegate.swift in Sources */,
				BA6332FF250DCC2D006E2962 /* SceneDelegate.swift in Sources */,
			);
			runOnlyForDeploymentPostprocessing = 0;
		};
		BA63330B250DCC2F006E2962 /* Sources */ = {
			isa = PBXSourcesBuildPhase;
			buildActionMask = 2147483647;
			files = (
				BA633314250DCC2F006E2962 /* tipTests.swift in Sources */,
			);
			runOnlyForDeploymentPostprocessing = 0;
		};
		BA633316250DCC2F006E2962 /* Sources */ = {
			isa = PBXSourcesBuildPhase;
			buildActionMask = 2147483647;
			files = (
				BA63331F250DCC2F006E2962 /* tipUITests.swift in Sources */,
			);
			runOnlyForDeploymentPostprocessing = 0;
		};
/* End PBXSourcesBuildPhase section */

/* Begin PBXTargetDependency section */
		BA633311250DCC2F006E2962 /* PBXTargetDependency */ = {
			isa = PBXTargetDependency;
			target = BA6332F8250DCC2D006E2962 /* tip */;
			targetProxy = BA633310250DCC2F006E2962 /* PBXContainerItemProxy */;
		};
		BA63331C250DCC2F006E2962 /* PBXTargetDependency */ = {
			isa = PBXTargetDependency;
			target = BA6332F8250DCC2D006E2962 /* tip */;
			targetProxy = BA63331B250DCC2F006E2962 /* PBXContainerItemProxy */;
		};
/* End PBXTargetDependency section */

/* Begin PBXVariantGroup section */
		BA633302250DCC2D006E2962 /* Main.storyboard */ = {
			isa = PBXVariantGroup;
			children = (
				BA633303250DCC2D006E2962 /* Base */,
			);
			name = Main.storyboard;
			sourceTree = "<group>";
		};
		BA633307250DCC2E006E2962 /* LaunchScreen.storyboard */ = {
			isa = PBXVariantGroup;
			children = (
				BA633308250DCC2E006E2962 /* Base */,
			);
			name = LaunchScreen.storyboard;
			sourceTree = "<group>";
		};
/* End PBXVariantGroup section */

/* Begin XCBuildConfiguration section */
		BA633321250DCC2F006E2962 /* Debug */ = {
			isa = XCBuildConfiguration;
			buildSettings = {
				ALWAYS_SEARCH_USER_PATHS = NO;
				CLANG_ANALYZER_NONNULL = YES;
				CLANG_ANALYZER_NUMBER_OBJECT_CONVERSION = YES_AGGRESSIVE;
				CLANG_CXX_LANGUAGE_STANDARD = "gnu++14";
				CLANG_CXX_LIBRARY = "libc++";
				CLANG_ENABLE_MODULES = YES;
				CLANG_ENABLE_OBJC_ARC = YES;
				CLANG_ENABLE_OBJC_WEAK = YES;
				CLANG_WARN_BLOCK_CAPTURE_AUTORELEASING = YES;
				CLANG_WARN_BOOL_CONVERSION = YES;
				CLANG_WARN_COMMA = YES;
				CLANG_WARN_CONSTANT_CONVERSION = YES;
				CLANG_WARN_DEPRECATED_OBJC_IMPLEMENTATIONS = YES;
				CLANG_WARN_DIRECT_OBJC_ISA_USAGE = YES_ERROR;
				CLANG_WARN_DOCUMENTATION_COMMENTS = YES;
				CLANG_WARN_EMPTY_BODY = YES;
				CLANG_WARN_ENUM_CONVERSION = YES;
				CLANG_WARN_INFINITE_RECURSION = YES;
				CLANG_WARN_INT_CONVERSION = YES;
				CLANG_WARN_NON_LITERAL_NULL_CONVERSION = YES;
				CLANG_WARN_OBJC_IMPLICIT_RETAIN_SELF = YES;
				CLANG_WARN_OBJC_LITERAL_CONVERSION = YES;
				CLANG_WARN_OBJC_ROOT_CLASS = YES_ERROR;
				CLANG_WARN_RANGE_LOOP_ANALYSIS = YES;
				CLANG_WARN_STRICT_PROTOTYPES = YES;
				CLANG_WARN_SUSPICIOUS_MOVE = YES;
				CLANG_WARN_UNGUARDED_AVAILABILITY = YES_AGGRESSIVE;
				CLANG_WARN_UNREACHABLE_CODE = YES;
				CLANG_WARN__DUPLICATE_METHOD_MATCH = YES;
				COPY_PHASE_STRIP = NO;
				DEBUG_INFORMATION_FORMAT = dwarf;
				ENABLE_STRICT_OBJC_MSGSEND = YES;
				ENABLE_TESTABILITY = YES;
				GCC_C_LANGUAGE_STANDARD = gnu11;
				GCC_DYNAMIC_NO_PIC = NO;
				GCC_NO_COMMON_BLOCKS = YES;
				GCC_OPTIMIZATION_LEVEL = 0;
				GCC_PREPROCESSOR_DEFINITIONS = (
					"DEBUG=1",
					"$(inherited)",
				);
				GCC_WARN_64_TO_32_BIT_CONVERSION = YES;
				GCC_WARN_ABOUT_RETURN_TYPE = YES_ERROR;
				GCC_WARN_UNDECLARED_SELECTOR = YES;
				GCC_WARN_UNINITIALIZED_AUTOS = YES_AGGRESSIVE;
				GCC_WARN_UNUSED_FUNCTION = YES;
				GCC_WARN_UNUSED_VARIABLE = YES;
				IPHONEOS_DEPLOYMENT_TARGET = 13.7;
				MTL_ENABLE_DEBUG_INFO = INCLUDE_SOURCE;
				MTL_FAST_MATH = YES;
				ONLY_ACTIVE_ARCH = YES;
				SDKROOT = iphoneos;
				SWIFT_ACTIVE_COMPILATION_CONDITIONS = DEBUG;
				SWIFT_OPTIMIZATION_LEVEL = "-Onone";
			};
			name = Debug;
		};
		BA633322250DCC2F006E2962 /* Release */ = {
			isa = XCBuildConfiguration;
			buildSettings = {
				ALWAYS_SEARCH_USER_PATHS = NO;
				CLANG_ANALYZER_NONNULL = YES;
				CLANG_ANALYZER_NUMBER_OBJECT_CONVERSION = YES_AGGRESSIVE;
				CLANG_CXX_LANGUAGE_STANDARD = "gnu++14";
				CLANG_CXX_LIBRARY = "libc++";
				CLANG_ENABLE_MODULES = YES;
				CLANG_ENABLE_OBJC_ARC = YES;
				CLANG_ENABLE_OBJC_WEAK = YES;
				CLANG_WARN_BLOCK_CAPTURE_AUTORELEASING = YES;
				CLANG_WARN_BOOL_CONVERSION = YES;
				CLANG_WARN_COMMA = YES;
				CLANG_WARN_CONSTANT_CONVERSION = YES;
				CLANG_WARN_DEPRECATED_OBJC_IMPLEMENTATIONS = YES;
				CLANG_WARN_DIRECT_OBJC_ISA_USAGE = YES_ERROR;
				CLANG_WARN_DOCUMENTATION_COMMENTS = YES;
				CLANG_WARN_EMPTY_BODY = YES;
				CLANG_WARN_ENUM_CONVERSION = YES;
				CLANG_WARN_INFINITE_RECURSION = YES;
				CLANG_WARN_INT_CONVERSION = YES;
				CLANG_WARN_NON_LITERAL_NULL_CONVERSION = YES;
				CLANG_WARN_OBJC_IMPLICIT_RETAIN_SELF = YES;
				CLANG_WARN_OBJC_LITERAL_CONVERSION = YES;
				CLANG_WARN_OBJC_ROOT_CLASS = YES_ERROR;
				CLANG_WARN_RANGE_LOOP_ANALYSIS = YES;
				CLANG_WARN_STRICT_PROTOTYPES = YES;
				CLANG_WARN_SUSPICIOUS_MOVE = YES;
				CLANG_WARN_UNGUARDED_AVAILABILITY = YES_AGGRESSIVE;
				CLANG_WARN_UNREACHABLE_CODE = YES;
				CLANG_WARN__DUPLICATE_METHOD_MATCH = YES;
				COPY_PHASE_STRIP = NO;
				DEBUG_INFORMATION_FORMAT = "dwarf-with-dsym";
				ENABLE_NS_ASSERTIONS = NO;
				ENABLE_STRICT_OBJC_MSGSEND = YES;
				GCC_C_LANGUAGE_STANDARD = gnu11;
				GCC_NO_COMMON_BLOCKS = YES;
				GCC_WARN_64_TO_32_BIT_CONVERSION = YES;
				GCC_WARN_ABOUT_RETURN_TYPE = YES_ERROR;
				GCC_WARN_UNDECLARED_SELECTOR = YES;
				GCC_WARN_UNINITIALIZED_AUTOS = YES_AGGRESSIVE;
				GCC_WARN_UNUSED_FUNCTION = YES;
				GCC_WARN_UNUSED_VARIABLE = YES;
				IPHONEOS_DEPLOYMENT_TARGET = 13.7;
				MTL_ENABLE_DEBUG_INFO = NO;
				MTL_FAST_MATH = YES;
				SDKROOT = iphoneos;
				SWIFT_COMPILATION_MODE = wholemodule;
				SWIFT_OPTIMIZATION_LEVEL = "-O";
				VALIDATE_PRODUCT = YES;
			};
			name = Release;
		};
		BA633324250DCC2F006E2962 /* Debug */ = {
			isa = XCBuildConfiguration;
			buildSettings = {
				ASSETCATALOG_COMPILER_APPICON_NAME = AppIcon;
				CODE_SIGN_STYLE = Automatic;
				INFOPLIST_FILE = tip/Info.plist;
				LD_RUNPATH_SEARCH_PATHS = (
					"$(inherited)",
					"@executable_path/Frameworks",
				);
				PRODUCT_BUNDLE_IDENTIFIER = Codepath.tip;
				PRODUCT_NAME = "$(TARGET_NAME)";
				SWIFT_VERSION = 5.0;
				TARGETED_DEVICE_FAMILY = "1,2";
			};
			name = Debug;
		};
		BA633325250DCC2F006E2962 /* Release */ = {
			isa = XCBuildConfiguration;
			buildSettings = {
				ASSETCATALOG_COMPILER_APPICON_NAME = AppIcon;
				CODE_SIGN_STYLE = Automatic;
				INFOPLIST_FILE = tip/Info.plist;
				LD_RUNPATH_SEARCH_PATHS = (
					"$(inherited)",
					"@executable_path/Frameworks",
				);
				PRODUCT_BUNDLE_IDENTIFIER = Codepath.tip;
				PRODUCT_NAME = "$(TARGET_NAME)";
				SWIFT_VERSION = 5.0;
				TARGETED_DEVICE_FAMILY = "1,2";
			};
			name = Release;
		};
		BA633327250DCC2F006E2962 /* Debug */ = {
			isa = XCBuildConfiguration;
			buildSettings = {
				ALWAYS_EMBED_SWIFT_STANDARD_LIBRARIES = YES;
				BUNDLE_LOADER = "$(TEST_HOST)";
				CODE_SIGN_STYLE = Automatic;
				INFOPLIST_FILE = tipTests/Info.plist;
				IPHONEOS_DEPLOYMENT_TARGET = 13.7;
				LD_RUNPATH_SEARCH_PATHS = (
					"$(inherited)",
					"@executable_path/Frameworks",
					"@loader_path/Frameworks",
				);
				PRODUCT_BUNDLE_IDENTIFIER = Codepath.tipTests;
				PRODUCT_NAME = "$(TARGET_NAME)";
				SWIFT_VERSION = 5.0;
				TARGETED_DEVICE_FAMILY = "1,2";
				TEST_HOST = "$(BUILT_PRODUCTS_DIR)/tip.app/tip";
			};
			name = Debug;
		};
		BA633328250DCC2F006E2962 /* Release */ = {
			isa = XCBuildConfiguration;
			buildSettings = {
				ALWAYS_EMBED_SWIFT_STANDARD_LIBRARIES = YES;
				BUNDLE_LOADER = "$(TEST_HOST)";
				CODE_SIGN_STYLE = Automatic;
				INFOPLIST_FILE = tipTests/Info.plist;
				IPHONEOS_DEPLOYMENT_TARGET = 13.7;
				LD_RUNPATH_SEARCH_PATHS = (
					"$(inherited)",
					"@executable_path/Frameworks",
					"@loader_path/Frameworks",
				);
				PRODUCT_BUNDLE_IDENTIFIER = Codepath.tipTests;
				PRODUCT_NAME = "$(TARGET_NAME)";
				SWIFT_VERSION = 5.0;
				TARGETED_DEVICE_FAMILY = "1,2";
				TEST_HOST = "$(BUILT_PRODUCTS_DIR)/tip.app/tip";
			};
			name = Release;
		};
		BA63332A250DCC2F006E2962 /* Debug */ = {
			isa = XCBuildConfiguration;
			buildSettings = {
				ALWAYS_EMBED_SWIFT_STANDARD_LIBRARIES = YES;
				CODE_SIGN_STYLE = Automatic;
				INFOPLIST_FILE = tipUITests/Info.plist;
				LD_RUNPATH_SEARCH_PATHS = (
					"$(inherited)",
					"@executable_path/Frameworks",
					"@loader_path/Frameworks",
				);
				PRODUCT_BUNDLE_IDENTIFIER = Codepath.tipUITests;
				PRODUCT_NAME = "$(TARGET_NAME)";
				SWIFT_VERSION = 5.0;
				TARGETED_DEVICE_FAMILY = "1,2";
				TEST_TARGET_NAME = tip;
			};
			name = Debug;
		};
		BA63332B250DCC2F006E2962 /* Release */ = {
			isa = XCBuildConfiguration;
			buildSettings = {
				ALWAYS_EMBED_SWIFT_STANDARD_LIBRARIES = YES;
				CODE_SIGN_STYLE = Automatic;
				INFOPLIST_FILE = tipUITests/Info.plist;
				LD_RUNPATH_SEARCH_PATHS = (
					"$(inherited)",
					"@executable_path/Frameworks",
					"@loader_path/Frameworks",
				);
				PRODUCT_BUNDLE_IDENTIFIER = Codepath.tipUITests;
				PRODUCT_NAME = "$(TARGET_NAME)";
				SWIFT_VERSION = 5.0;
				TARGETED_DEVICE_FAMILY = "1,2";
				TEST_TARGET_NAME = tip;
			};
			name = Release;
		};
/* End XCBuildConfiguration section */

/* Begin XCConfigurationList section */
		BA6332F4250DCC2D006E2962 /* Build configuration list for PBXProject "tip" */ = {
			isa = XCConfigurationList;
			buildConfigurations = (
				BA633321250DCC2F006E2962 /* Debug */,
				BA633322250DCC2F006E2962 /* Release */,
			);
			defaultConfigurationIsVisible = 0;
			defaultConfigurationName = Release;
		};
		BA633323250DCC2F006E2962 /* Build configuration list for PBXNativeTarget "tip" */ = {
			isa = XCConfigurationList;
			buildConfigurations = (
				BA633324250DCC2F006E2962 /* Debug */,
				BA633325250DCC2F006E2962 /* Release */,
			);
			defaultConfigurationIsVisible = 0;
			defaultConfigurationName = Release;
		};
		BA633326250DCC2F006E2962 /* Build configuration list for PBXNativeTarget "tipTests" */ = {
			isa = XCConfigurationList;
			buildConfigurations = (
				BA633327250DCC2F006E2962 /* Debug */,
				BA633328250DCC2F006E2962 /* Release */,
			);
			defaultConfigurationIsVisible = 0;
			defaultConfigurationName = Release;
		};
		BA633329250DCC2F006E2962 /* Build configuration list for PBXNativeTarget "tipUITests" */ = {
			isa = XCConfigurationList;
			buildConfigurations = (
				BA63332A250DCC2F006E2962 /* Debug */,
				BA63332B250DCC2F006E2962 /* Release */,
			);
			defaultConfigurationIsVisible = 0;
			defaultConfigurationName = Release;
		};
/* End XCConfigurationList section */
	};
	rootObject = BA6332F1250DCC2D006E2962 /* Project object */;
}
